
Microsoft Visual Studio Solution File, Format Version 12.00
# Visual Studio Version 17
VisualStudioVersion = 17.2.32630.192
MinimumVisualStudioVersion = 10.0.40219.1
Project("{9A19103F-16F7-4668-BE54-9A1E7A4F7556}") = "01 - ByteBank", "01 - ByteBank\01 - ByteBank.csproj", "{2BF248FA-E98A-48CE-ADC8-35C8D5277E04}"
EndProject
Project("{9A19103F-16F7-4668-BE54-9A1E7A4F7556}") = "02 - ByteBank", "02 - ByteBank\02 - ByteBank.csproj", "{B35B3A1E-0984-435A-8270-9E843CCC049A}"
EndProject
Project("{FAE04EC0-301F-11D3-BF4B-00C04F79EFBC}") = "03 - ByteBank", "03 - ByteBank\03 - ByteBank.csproj", "{2A5B04AD-9F0F-4492-B350-743FD33139E6}"
EndProject
Global
	GlobalSection(SolutionConfigurationPlatforms) = preSolution
		Debug|Any CPU = Debug|Any CPU
		Release|Any CPU = Release|Any CPU
	EndGlobalSection
	GlobalSection(ProjectConfigurationPlatforms) = postSolution
		{2BF248FA-E98A-48CE-ADC8-35C8D5277E04}.Debug|Any CPU.ActiveCfg = Debug|Any CPU
		{2BF248FA-E98A-48CE-ADC8-35C8D5277E04}.Debug|Any CPU.Build.0 = Debug|Any CPU
		{2BF248FA-E98A-48CE-ADC8-35C8D5277E04}.Release|Any CPU.ActiveCfg = Release|Any CPU
		{2BF248FA-E98A-48CE-ADC8-35C8D5277E04}.Release|Any CPU.Build.0 = Release|Any CPU
		{B35B3A1E-0984-435A-8270-9E843CCC049A}.Debug|Any CPU.ActiveCfg = Debug|Any CPU
		{B35B3A1E-0984-435A-8270-9E843CCC049A}.Debug|Any CPU.Build.0 = Debug|Any CPU
		{B35B3A1E-0984-435A-8270-9E843CCC049A}.Release|Any CPU.ActiveCfg = Release|Any CPU
		{B35B3A1E-0984-435A-8270-9E843CCC049A}.Release|Any CPU.Build.0 = Release|Any CPU
		{2A5B04AD-9F0F-4492-B350-743FD33139E6}.Debug|Any CPU.ActiveCfg = Debug|Any CPU
		{2A5B04AD-9F0F-4492-B350-743FD33139E6}.Debug|Any CPU.Build.0 = Debug|Any CPU
		{2A5B04AD-9F0F-4492-B350-743FD33139E6}.Release|Any CPU.ActiveCfg = Release|Any CPU
		{2A5B04AD-9F0F-4492-B350-743FD33139E6}.Release|Any CPU.Build.0 = Release|Any CPU
	EndGlobalSection
	GlobalSection(SolutionProperties) = preSolution
		HideSolutionNode = FALSE
	EndGlobalSection
	GlobalSection(ExtensibilityGlobals) = postSolution
		SolutionGuid = {A588A794-FAAF-4CF9-9D3B-3160EEA04B57}
	EndGlobalSection
EndGlobal
